// !$*UTF8*$!
{
	archiveVersion = 1;
	classes = {
	};
	objectVersion = 56;
	objects = {

/* Begin PBXBuildFile section */
		1609A7122CFD0267001F50B3 /* InterstitialAd.swift in Sources */ = {isa = PBXBuildFile; fileRef = 1609A7112CFD0267001F50B3 /* InterstitialAd.swift */; };
		1609A7142CFD0732001F50B3 /* BannerAd.swift in Sources */ = {isa = PBXBuildFile; fileRef = 1609A7132CFD0732001F50B3 /* BannerAd.swift */; };
		16224D702CFCE6ED0086E343 /* GoogleMobileAds in Frameworks */ = {isa = PBXBuildFile; productRef = 16224D6F2CFCE6ED0086E343 /* GoogleMobileAds */; };
		163F867A2C88C5C50057B639 /* SkyjoSettingsView.swift in Sources */ = {isa = PBXBuildFile; fileRef = 163F86792C88C5C50057B639 /* SkyjoSettingsView.swift */; };
		163F867C2C88C65D0057B639 /* Utils.swift in Sources */ = {isa = PBXBuildFile; fileRef = 163F867B2C88C65D0057B639 /* Utils.swift */; };
		163F867E2C88C6A20057B639 /* UnoSettingsView.swift in Sources */ = {isa = PBXBuildFile; fileRef = 163F867D2C88C6A20057B639 /* UnoSettingsView.swift */; };
		163F86822C88C75A0057B639 /* YamSettingsView.swift in Sources */ = {isa = PBXBuildFile; fileRef = 163F86812C88C75A0057B639 /* YamSettingsView.swift */; };
		164F37B62C84D45500650152 /* ScoreApp.swift in Sources */ = {isa = PBXBuildFile; fileRef = 164F37B52C84D45500650152 /* ScoreApp.swift */; };
		164F37B82C84D45500650152 /* ContentView.swift in Sources */ = {isa = PBXBuildFile; fileRef = 164F37B72C84D45500650152 /* ContentView.swift */; };
		164F37BA2C84D45700650152 /* Assets.xcassets in Resources */ = {isa = PBXBuildFile; fileRef = 164F37B92C84D45700650152 /* Assets.xcassets */; };
		164F37BD2C84D45700650152 /* Preview Assets.xcassets in Resources */ = {isa = PBXBuildFile; fileRef = 164F37BC2C84D45700650152 /* Preview Assets.xcassets */; };
		164F37C42C84D8CF00650152 /* CardGamesView.swift in Sources */ = {isa = PBXBuildFile; fileRef = 164F37C32C84D8CF00650152 /* CardGamesView.swift */; };
		168382F12CDBA9A300B286E2 /* YamView.swift in Sources */ = {isa = PBXBuildFile; fileRef = 168382F02CDBA9A300B286E2 /* YamView.swift */; };
		16B511F42CB68B1E00EBFE3B /* CustomGamesView.swift in Sources */ = {isa = PBXBuildFile; fileRef = 16B511F32CB68B1E00EBFE3B /* CustomGamesView.swift */; };
		16C700B52CAFF284005C6752 /* UnoView.swift in Sources */ = {isa = PBXBuildFile; fileRef = 16C700B42CAFF284005C6752 /* UnoView.swift */; };
		16DE323A2C9AFEB5000678AC /* SkyjoView.swift in Sources */ = {isa = PBXBuildFile; fileRef = 16DE32392C9AFEB5000678AC /* SkyjoView.swift */; };
		16F3816F2C84DA7600569DF1 /* DiceGamesView.swift in Sources */ = {isa = PBXBuildFile; fileRef = 16F3816E2C84DA7600569DF1 /* DiceGamesView.swift */; };
		16F381712C84DA8400569DF1 /* CustomSettingsView.swift in Sources */ = {isa = PBXBuildFile; fileRef = 16F381702C84DA8400569DF1 /* CustomSettingsView.swift */; };
		16F381772C84DD6700569DF1 /* SettingsView.swift in Sources */ = {isa = PBXBuildFile; fileRef = 16F381762C84DD6700569DF1 /* SettingsView.swift */; };
		16F381792C84E0B000569DF1 /* Data.swift in Sources */ = {isa = PBXBuildFile; fileRef = 16F381782C84E0B000569DF1 /* Data.swift */; };
/* End PBXBuildFile section */

/* Begin PBXFileReference section */
		1609A7112CFD0267001F50B3 /* InterstitialAd.swift */ = {isa = PBXFileReference; lastKnownFileType = sourcecode.swift; path = InterstitialAd.swift; sourceTree = "<group>"; };
		1609A7132CFD0732001F50B3 /* BannerAd.swift */ = {isa = PBXFileReference; lastKnownFileType = sourcecode.swift; path = BannerAd.swift; sourceTree = "<group>"; };
		163F86792C88C5C50057B639 /* SkyjoSettingsView.swift */ = {isa = PBXFileReference; lastKnownFileType = sourcecode.swift; path = SkyjoSettingsView.swift; sourceTree = "<group>"; };
		163F867B2C88C65D0057B639 /* Utils.swift */ = {isa = PBXFileReference; lastKnownFileType = sourcecode.swift; path = Utils.swift; sourceTree = "<group>"; };
		163F867D2C88C6A20057B639 /* UnoSettingsView.swift */ = {isa = PBXFileReference; lastKnownFileType = sourcecode.swift; path = UnoSettingsView.swift; sourceTree = "<group>"; };
		163F86812C88C75A0057B639 /* YamSettingsView.swift */ = {isa = PBXFileReference; lastKnownFileType = sourcecode.swift; path = YamSettingsView.swift; sourceTree = "<group>"; };
		164F37B22C84D45500650152 /* Score.app */ = {isa = PBXFileReference; explicitFileType = wrapper.application; includeInIndex = 0; path = Score.app; sourceTree = BUILT_PRODUCTS_DIR; };
		164F37B52C84D45500650152 /* ScoreApp.swift */ = {isa = PBXFileReference; lastKnownFileType = sourcecode.swift; path = ScoreApp.swift; sourceTree = "<group>"; };
		164F37B72C84D45500650152 /* ContentView.swift */ = {isa = PBXFileReference; lastKnownFileType = sourcecode.swift; path = ContentView.swift; sourceTree = "<group>"; };
		164F37B92C84D45700650152 /* Assets.xcassets */ = {isa = PBXFileReference; lastKnownFileType = folder.assetcatalog; path = Assets.xcassets; sourceTree = "<group>"; };
		164F37BC2C84D45700650152 /* Preview Assets.xcassets */ = {isa = PBXFileReference; lastKnownFileType = folder.assetcatalog; path = "Preview Assets.xcassets"; sourceTree = "<group>"; };
		164F37C32C84D8CF00650152 /* CardGamesView.swift */ = {isa = PBXFileReference; lastKnownFileType = sourcecode.swift; path = CardGamesView.swift; sourceTree = "<group>"; };
		168382F02CDBA9A300B286E2 /* YamView.swift */ = {isa = PBXFileReference; lastKnownFileType = sourcecode.swift; path = YamView.swift; sourceTree = "<group>"; };
		16B511F32CB68B1E00EBFE3B /* CustomGamesView.swift */ = {isa = PBXFileReference; lastKnownFileType = sourcecode.swift; path = CustomGamesView.swift; sourceTree = "<group>"; };
		16C700B42CAFF284005C6752 /* UnoView.swift */ = {isa = PBXFileReference; lastKnownFileType = sourcecode.swift; path = UnoView.swift; sourceTree = "<group>"; };
		16DE32392C9AFEB5000678AC /* SkyjoView.swift */ = {isa = PBXFileReference; lastKnownFileType = sourcecode.swift; path = SkyjoView.swift; sourceTree = "<group>"; };
		16F3816E2C84DA7600569DF1 /* DiceGamesView.swift */ = {isa = PBXFileReference; lastKnownFileType = sourcecode.swift; path = DiceGamesView.swift; sourceTree = "<group>"; };
		16F381702C84DA8400569DF1 /* CustomSettingsView.swift */ = {isa = PBXFileReference; lastKnownFileType = sourcecode.swift; path = CustomSettingsView.swift; sourceTree = "<group>"; };
		16F381762C84DD6700569DF1 /* SettingsView.swift */ = {isa = PBXFileReference; lastKnownFileType = sourcecode.swift; path = SettingsView.swift; sourceTree = "<group>"; };
		16F381782C84E0B000569DF1 /* Data.swift */ = {isa = PBXFileReference; lastKnownFileType = sourcecode.swift; path = Data.swift; sourceTree = "<group>"; };
/* End PBXFileReference section */

/* Begin PBXFrameworksBuildPhase section */
		164F37AF2C84D45500650152 /* Frameworks */ = {
			isa = PBXFrameworksBuildPhase;
			buildActionMask = 2147483647;
			files = (
				16224D702CFCE6ED0086E343 /* GoogleMobileAds in Frameworks */,
			);
			runOnlyForDeploymentPostprocessing = 0;
		};
/* End PBXFrameworksBuildPhase section */

/* Begin PBXGroup section */
		163F86762C8890DF0057B639 /* Games */ = {
			isa = PBXGroup;
			children = (
				163F867F2C88C6C00057B639 /* Skyjo */,
				163F86802C88C6C80057B639 /* Uno */,
			);
			path = Games;
			sourceTree = "<group>";
		};
		163F86772C88C4AD0057B639 /* Games */ = {
			isa = PBXGroup;
			children = (
				163F86832C88C7650057B639 /* Yam */,
			);
			path = Games;
			sourceTree = "<group>";
		};
		163F86782C88C57D0057B639 /* Include */ = {
			isa = PBXGroup;
			children = (
				16F381782C84E0B000569DF1 /* Data.swift */,
				1609A7132CFD0732001F50B3 /* BannerAd.swift */,
				163F867B2C88C65D0057B639 /* Utils.swift */,
				1609A7112CFD0267001F50B3 /* InterstitialAd.swift */,
			);
			path = Include;
			sourceTree = "<group>";
		};
		163F867F2C88C6C00057B639 /* Skyjo */ = {
			isa = PBXGroup;
			children = (
				163F86792C88C5C50057B639 /* SkyjoSettingsView.swift */,
				16DE32392C9AFEB5000678AC /* SkyjoView.swift */,
			);
			path = Skyjo;
			sourceTree = "<group>";
		};
		163F86802C88C6C80057B639 /* Uno */ = {
			isa = PBXGroup;
			children = (
				163F867D2C88C6A20057B639 /* UnoSettingsView.swift */,
				16C700B42CAFF284005C6752 /* UnoView.swift */,
			);
			path = Uno;
			sourceTree = "<group>";
		};
		163F86832C88C7650057B639 /* Yam */ = {
			isa = PBXGroup;
			children = (
				163F86812C88C75A0057B639 /* YamSettingsView.swift */,
				168382F02CDBA9A300B286E2 /* YamView.swift */,
			);
			path = Yam;
			sourceTree = "<group>";
		};
		164F37A92C84D45500650152 = {
			isa = PBXGroup;
			children = (
				164F37B42C84D45500650152 /* Score */,
				164F37B32C84D45500650152 /* Products */,
			);
			sourceTree = "<group>";
		};
		164F37B32C84D45500650152 /* Products */ = {
			isa = PBXGroup;
			children = (
				164F37B22C84D45500650152 /* Score.app */,
			);
			name = Products;
			sourceTree = "<group>";
		};
		164F37B42C84D45500650152 /* Score */ = {
			isa = PBXGroup;
			children = (
				164F37B52C84D45500650152 /* ScoreApp.swift */,
				163F86782C88C57D0057B639 /* Include */,
				16F381752C84DD3A00569DF1 /* MainView */,
				16F381722C84DCB700569DF1 /* CardGames */,
				16F381732C84DCC300569DF1 /* DiceGames */,
				16F381742C84DCD100569DF1 /* CustomGames */,
				164F37B92C84D45700650152 /* Assets.xcassets */,
				164F37BB2C84D45700650152 /* Preview Content */,
			);
			path = Score;
			sourceTree = "<group>";
		};
		164F37BB2C84D45700650152 /* Preview Content */ = {
			isa = PBXGroup;
			children = (
				164F37BC2C84D45700650152 /* Preview Assets.xcassets */,
			);
			path = "Preview Content";
			sourceTree = "<group>";
		};
		16F381722C84DCB700569DF1 /* CardGames */ = {
			isa = PBXGroup;
			children = (
				164F37C32C84D8CF00650152 /* CardGamesView.swift */,
				163F86762C8890DF0057B639 /* Games */,
			);
			path = CardGames;
			sourceTree = "<group>";
		};
		16F381732C84DCC300569DF1 /* DiceGames */ = {
			isa = PBXGroup;
			children = (
				16F3816E2C84DA7600569DF1 /* DiceGamesView.swift */,
				163F86772C88C4AD0057B639 /* Games */,
			);
			path = DiceGames;
			sourceTree = "<group>";
		};
		16F381742C84DCD100569DF1 /* CustomGames */ = {
			isa = PBXGroup;
			children = (
				16F381702C84DA8400569DF1 /* CustomSettingsView.swift */,
				16B511F32CB68B1E00EBFE3B /* CustomGamesView.swift */,
			);
			path = CustomGames;
			sourceTree = "<group>";
		};
		16F381752C84DD3A00569DF1 /* MainView */ = {
			isa = PBXGroup;
			children = (
				164F37B72C84D45500650152 /* ContentView.swift */,
				16F381762C84DD6700569DF1 /* SettingsView.swift */,
			);
			path = MainView;
			sourceTree = "<group>";
		};
/* End PBXGroup section */

/* Begin PBXNativeTarget section */
		164F37B12C84D45500650152 /* Score */ = {
			isa = PBXNativeTarget;
			buildConfigurationList = 164F37C02C84D45700650152 /* Build configuration list for PBXNativeTarget "Score" */;
			buildPhases = (
				164F37AE2C84D45500650152 /* Sources */,
				164F37AF2C84D45500650152 /* Frameworks */,
				164F37B02C84D45500650152 /* Resources */,
			);
			buildRules = (
			);
			dependencies = (
			);
			name = Score;
			packageProductDependencies = (
				16224D6F2CFCE6ED0086E343 /* GoogleMobileAds */,
			);
			productName = Score;
			productReference = 164F37B22C84D45500650152 /* Score.app */;
			productType = "com.apple.product-type.application";
		};
/* End PBXNativeTarget section */

/* Begin PBXProject section */
		164F37AA2C84D45500650152 /* Project object */ = {
			isa = PBXProject;
			attributes = {
				BuildIndependentTargetsInParallel = 1;
				LastSwiftUpdateCheck = 1500;
				LastUpgradeCheck = 1500;
				TargetAttributes = {
					164F37B12C84D45500650152 = {
						CreatedOnToolsVersion = 15.0.1;
					};
				};
			};
			buildConfigurationList = 164F37AD2C84D45500650152 /* Build configuration list for PBXProject "Score" */;
			compatibilityVersion = "Xcode 14.0";
			developmentRegion = en;
			hasScannedForEncodings = 0;
			knownRegions = (
				en,
				Base,
			);
			mainGroup = 164F37A92C84D45500650152;
			packageReferences = (
				16224D6E2CFCE6ED0086E343 /* XCRemoteSwiftPackageReference "swift-package-manager-google-mobile-ads" */,
			);
			productRefGroup = 164F37B32C84D45500650152 /* Products */;
			projectDirPath = "";
			projectRoot = "";
			targets = (
				164F37B12C84D45500650152 /* Score */,
			);
		};
/* End PBXProject section */

/* Begin PBXResourcesBuildPhase section */
		164F37B02C84D45500650152 /* Resources */ = {
			isa = PBXResourcesBuildPhase;
			buildActionMask = 2147483647;
			files = (
				164F37BD2C84D45700650152 /* Preview Assets.xcassets in Resources */,
				164F37BA2C84D45700650152 /* Assets.xcassets in Resources */,
			);
			runOnlyForDeploymentPostprocessing = 0;
		};
/* End PBXResourcesBuildPhase section */

/* Begin PBXSourcesBuildPhase section */
		164F37AE2C84D45500650152 /* Sources */ = {
			isa = PBXSourcesBuildPhase;
			buildActionMask = 2147483647;
			files = (
				1609A7122CFD0267001F50B3 /* InterstitialAd.swift in Sources */,
				16F381792C84E0B000569DF1 /* Data.swift in Sources */,
				16DE323A2C9AFEB5000678AC /* SkyjoView.swift in Sources */,
				164F37C42C84D8CF00650152 /* CardGamesView.swift in Sources */,
				163F867E2C88C6A20057B639 /* UnoSettingsView.swift in Sources */,
				16C700B52CAFF284005C6752 /* UnoView.swift in Sources */,
				16F381712C84DA8400569DF1 /* CustomSettingsView.swift in Sources */,
				164F37B82C84D45500650152 /* ContentView.swift in Sources */,
				16F381772C84DD6700569DF1 /* SettingsView.swift in Sources */,
				164F37B62C84D45500650152 /* ScoreApp.swift in Sources */,
				1609A7142CFD0732001F50B3 /* BannerAd.swift in Sources */,
				16B511F42CB68B1E00EBFE3B /* CustomGamesView.swift in Sources */,
				163F867C2C88C65D0057B639 /* Utils.swift in Sources */,
				163F86822C88C75A0057B639 /* YamSettingsView.swift in Sources */,
				168382F12CDBA9A300B286E2 /* YamView.swift in Sources */,
				163F867A2C88C5C50057B639 /* SkyjoSettingsView.swift in Sources */,
				16F3816F2C84DA7600569DF1 /* DiceGamesView.swift in Sources */,
			);
			runOnlyForDeploymentPostprocessing = 0;
		};
/* End PBXSourcesBuildPhase section */

/* Begin XCBuildConfiguration section */
		164F37BE2C84D45700650152 /* Debug */ = {
			isa = XCBuildConfiguration;
			buildSettings = {
				ALWAYS_SEARCH_USER_PATHS = NO;
				ASSETCATALOG_COMPILER_GENERATE_SWIFT_ASSET_SYMBOL_EXTENSIONS = YES;
				CLANG_ANALYZER_NONNULL = YES;
				CLANG_ANALYZER_NUMBER_OBJECT_CONVERSION = YES_AGGRESSIVE;
				CLANG_CXX_LANGUAGE_STANDARD = "gnu++20";
				CLANG_ENABLE_MODULES = YES;
				CLANG_ENABLE_OBJC_ARC = YES;
				CLANG_ENABLE_OBJC_WEAK = YES;
				CLANG_WARN_BLOCK_CAPTURE_AUTORELEASING = YES;
				CLANG_WARN_BOOL_CONVERSION = YES;
				CLANG_WARN_COMMA = YES;
				CLANG_WARN_CONSTANT_CONVERSION = YES;
				CLANG_WARN_DEPRECATED_OBJC_IMPLEMENTATIONS = YES;
				CLANG_WARN_DIRECT_OBJC_ISA_USAGE = YES_ERROR;
				CLANG_WARN_DOCUMENTATION_COMMENTS = YES;
				CLANG_WARN_EMPTY_BODY = YES;
				CLANG_WARN_ENUM_CONVERSION = YES;
				CLANG_WARN_INFINITE_RECURSION = YES;
				CLANG_WARN_INT_CONVERSION = YES;
				CLANG_WARN_NON_LITERAL_NULL_CONVERSION = YES;
				CLANG_WARN_OBJC_IMPLICIT_RETAIN_SELF = YES;
				CLANG_WARN_OBJC_LITERAL_CONVERSION = YES;
				CLANG_WARN_OBJC_ROOT_CLASS = YES_ERROR;
				CLANG_WARN_QUOTED_INCLUDE_IN_FRAMEWORK_HEADER = YES;
				CLANG_WARN_RANGE_LOOP_ANALYSIS = YES;
				CLANG_WARN_STRICT_PROTOTYPES = YES;
				CLANG_WARN_SUSPICIOUS_MOVE = YES;
				CLANG_WARN_UNGUARDED_AVAILABILITY = YES_AGGRESSIVE;
				CLANG_WARN_UNREACHABLE_CODE = YES;
				CLANG_WARN__DUPLICATE_METHOD_MATCH = YES;
				COPY_PHASE_STRIP = NO;
				DEBUG_INFORMATION_FORMAT = dwarf;
				ENABLE_STRICT_OBJC_MSGSEND = YES;
				ENABLE_TESTABILITY = YES;
				ENABLE_USER_SCRIPT_SANDBOXING = YES;
				GCC_C_LANGUAGE_STANDARD = gnu17;
				GCC_DYNAMIC_NO_PIC = NO;
				GCC_NO_COMMON_BLOCKS = YES;
				GCC_OPTIMIZATION_LEVEL = 0;
				GCC_PREPROCESSOR_DEFINITIONS = (
					"DEBUG=1",
					"$(inherited)",
				);
				GCC_WARN_64_TO_32_BIT_CONVERSION = YES;
				GCC_WARN_ABOUT_RETURN_TYPE = YES_ERROR;
				GCC_WARN_UNDECLARED_SELECTOR = YES;
				GCC_WARN_UNINITIALIZED_AUTOS = YES_AGGRESSIVE;
				GCC_WARN_UNUSED_FUNCTION = YES;
				GCC_WARN_UNUSED_VARIABLE = YES;
				IPHONEOS_DEPLOYMENT_TARGET = 17.0;
				LOCALIZATION_PREFERS_STRING_CATALOGS = YES;
				MTL_ENABLE_DEBUG_INFO = INCLUDE_SOURCE;
				MTL_FAST_MATH = YES;
				ONLY_ACTIVE_ARCH = YES;
				SDKROOT = iphoneos;
				SWIFT_ACTIVE_COMPILATION_CONDITIONS = "DEBUG $(inherited)";
				SWIFT_OPTIMIZATION_LEVEL = "-Onone";
			};
			name = Debug;
		};
		164F37BF2C84D45700650152 /* Release */ = {
			isa = XCBuildConfiguration;
			buildSettings = {
				ALWAYS_SEARCH_USER_PATHS = NO;
				ASSETCATALOG_COMPILER_GENERATE_SWIFT_ASSET_SYMBOL_EXTENSIONS = YES;
				CLANG_ANALYZER_NONNULL = YES;
				CLANG_ANALYZER_NUMBER_OBJECT_CONVERSION = YES_AGGRESSIVE;
				CLANG_CXX_LANGUAGE_STANDARD = "gnu++20";
				CLANG_ENABLE_MODULES = YES;
				CLANG_ENABLE_OBJC_ARC = YES;
				CLANG_ENABLE_OBJC_WEAK = YES;
				CLANG_WARN_BLOCK_CAPTURE_AUTORELEASING = YES;
				CLANG_WARN_BOOL_CONVERSION = YES;
				CLANG_WARN_COMMA = YES;
				CLANG_WARN_CONSTANT_CONVERSION = YES;
				CLANG_WARN_DEPRECATED_OBJC_IMPLEMENTATIONS = YES;
				CLANG_WARN_DIRECT_OBJC_ISA_USAGE = YES_ERROR;
				CLANG_WARN_DOCUMENTATION_COMMENTS = YES;
				CLANG_WARN_EMPTY_BODY = YES;
				CLANG_WARN_ENUM_CONVERSION = YES;
				CLANG_WARN_INFINITE_RECURSION = YES;
				CLANG_WARN_INT_CONVERSION = YES;
				CLANG_WARN_NON_LITERAL_NULL_CONVERSION = YES;
				CLANG_WARN_OBJC_IMPLICIT_RETAIN_SELF = YES;
				CLANG_WARN_OBJC_LITERAL_CONVERSION = YES;
				CLANG_WARN_OBJC_ROOT_CLASS = YES_ERROR;
				CLANG_WARN_QUOTED_INCLUDE_IN_FRAMEWORK_HEADER = YES;
				CLANG_WARN_RANGE_LOOP_ANALYSIS = YES;
				CLANG_WARN_STRICT_PROTOTYPES = YES;
				CLANG_WARN_SUSPICIOUS_MOVE = YES;
				CLANG_WARN_UNGUARDED_AVAILABILITY = YES_AGGRESSIVE;
				CLANG_WARN_UNREACHABLE_CODE = YES;
				CLANG_WARN__DUPLICATE_METHOD_MATCH = YES;
				COPY_PHASE_STRIP = NO;
				DEBUG_INFORMATION_FORMAT = "dwarf-with-dsym";
				ENABLE_NS_ASSERTIONS = NO;
				ENABLE_STRICT_OBJC_MSGSEND = YES;
				ENABLE_USER_SCRIPT_SANDBOXING = YES;
				GCC_C_LANGUAGE_STANDARD = gnu17;
				GCC_NO_COMMON_BLOCKS = YES;
				GCC_WARN_64_TO_32_BIT_CONVERSION = YES;
				GCC_WARN_ABOUT_RETURN_TYPE = YES_ERROR;
				GCC_WARN_UNDECLARED_SELECTOR = YES;
				GCC_WARN_UNINITIALIZED_AUTOS = YES_AGGRESSIVE;
				GCC_WARN_UNUSED_FUNCTION = YES;
				GCC_WARN_UNUSED_VARIABLE = YES;
				IPHONEOS_DEPLOYMENT_TARGET = 17.0;
				LOCALIZATION_PREFERS_STRING_CATALOGS = YES;
				MTL_ENABLE_DEBUG_INFO = NO;
				MTL_FAST_MATH = YES;
				SDKROOT = iphoneos;
				SWIFT_COMPILATION_MODE = wholemodule;
				VALIDATE_PRODUCT = YES;
			};
			name = Release;
		};
		164F37C12C84D45700650152 /* Debug */ = {
			isa = XCBuildConfiguration;
			buildSettings = {
				ASSETCATALOG_COMPILER_APPICON_NAME = AppIcon;
				ASSETCATALOG_COMPILER_GLOBAL_ACCENT_COLOR_NAME = AccentColor;
				CODE_SIGN_STYLE = Automatic;
				CURRENT_PROJECT_VERSION = 1;
				DEVELOPMENT_ASSET_PATHS = "\"Score/Preview Content\"";
				DEVELOPMENT_TEAM = Q854D8XGKU;
				ENABLE_PREVIEWS = YES;
				GENERATE_INFOPLIST_FILE = YES;
				INFOPLIST_FILE = Score/Info.plist;
				INFOPLIST_KEY_NSUserTrackingUsageDescription = "Accepteriez-vous que nous rendions les publicités plus personnalisées pour vous ?";
				INFOPLIST_KEY_UIApplicationSceneManifest_Generation = YES;
				INFOPLIST_KEY_UIApplicationSupportsIndirectInputEvents = YES;
				INFOPLIST_KEY_UILaunchScreen_Generation = YES;
				INFOPLIST_KEY_UISupportedInterfaceOrientations_iPad = "UIInterfaceOrientationPortrait UIInterfaceOrientationPortraitUpsideDown UIInterfaceOrientationLandscapeLeft UIInterfaceOrientationLandscapeRight";
				INFOPLIST_KEY_UISupportedInterfaceOrientations_iPhone = "UIInterfaceOrientationPortrait UIInterfaceOrientationLandscapeLeft UIInterfaceOrientationLandscapeRight";
				LD_RUNPATH_SEARCH_PATHS = (
					"$(inherited)",
					"@executable_path/Frameworks",
				);
				MARKETING_VERSION = 1.0;
				OTHER_LDFLAGS = "";
				PRODUCT_BUNDLE_IDENTIFIER = com.modzie.Score;
				PRODUCT_NAME = "$(TARGET_NAME)";
				SWIFT_EMIT_LOC_STRINGS = YES;
				SWIFT_VERSION = 5.0;
				TARGETED_DEVICE_FAMILY = "1,2";
			};
			name = Debug;
		};
		164F37C22C84D45700650152 /* Release */ = {
			isa = XCBuildConfiguration;
			buildSettings = {
				ASSETCATALOG_COMPILER_APPICON_NAME = AppIcon;
				ASSETCATALOG_COMPILER_GLOBAL_ACCENT_COLOR_NAME = AccentColor;
				CODE_SIGN_STYLE = Automatic;
				CURRENT_PROJECT_VERSION = 1;
				DEVELOPMENT_ASSET_PATHS = "\"Score/Preview Content\"";
				DEVELOPMENT_TEAM = Q854D8XGKU;
				ENABLE_PREVIEWS = YES;
				GENERATE_INFOPLIST_FILE = YES;
				INFOPLIST_FILE = Score/Info.plist;
				INFOPLIST_KEY_NSUserTrackingUsageDescription = "Accepteriez-vous que nous rendions les publicités plus personnalisées pour vous ?";
				INFOPLIST_KEY_UIApplicationSceneManifest_Generation = YES;
				INFOPLIST_KEY_UIApplicationSupportsIndirectInputEvents = YES;
				INFOPLIST_KEY_UILaunchScreen_Generation = YES;
				INFOPLIST_KEY_UISupportedInterfaceOrientations_iPad = "UIInterfaceOrientationPortrait UIInterfaceOrientationPortraitUpsideDown UIInterfaceOrientationLandscapeLeft UIInterfaceOrientationLandscapeRight";
				INFOPLIST_KEY_UISupportedInterfaceOrientations_iPhone = "UIInterfaceOrientationPortrait UIInterfaceOrientationLandscapeLeft UIInterfaceOrientationLandscapeRight";
				LD_RUNPATH_SEARCH_PATHS = (
					"$(inherited)",
					"@executable_path/Frameworks",
				);
				MARKETING_VERSION = 1.0;
				OTHER_LDFLAGS = "";
				PRODUCT_BUNDLE_IDENTIFIER = com.modzie.Score;
				PRODUCT_NAME = "$(TARGET_NAME)";
				SWIFT_EMIT_LOC_STRINGS = YES;
				SWIFT_VERSION = 5.0;
				TARGETED_DEVICE_FAMILY = "1,2";
			};
			name = Release;
		};
/* End XCBuildConfiguration section */

/* Begin XCConfigurationList section */
		164F37AD2C84D45500650152 /* Build configuration list for PBXProject "Score" */ = {
			isa = XCConfigurationList;
			buildConfigurations = (
				164F37BE2C84D45700650152 /* Debug */,
				164F37BF2C84D45700650152 /* Release */,
			);
			defaultConfigurationIsVisible = 0;
			defaultConfigurationName = Release;
		};
		164F37C02C84D45700650152 /* Build configuration list for PBXNativeTarget "Score" */ = {
			isa = XCConfigurationList;
			buildConfigurations = (
				164F37C12C84D45700650152 /* Debug */,
				164F37C22C84D45700650152 /* Release */,
			);
			defaultConfigurationIsVisible = 0;
			defaultConfigurationName = Release;
		};
/* End XCConfigurationList section */

/* Begin XCRemoteSwiftPackageReference section */
		16224D6E2CFCE6ED0086E343 /* XCRemoteSwiftPackageReference "swift-package-manager-google-mobile-ads" */ = {
			isa = XCRemoteSwiftPackageReference;
			repositoryURL = "https://github.com/googleads/swift-package-manager-google-mobile-ads.git";
			requirement = {
				kind = upToNextMajorVersion;
				minimumVersion = 11.12.0;
			};
		};
/* End XCRemoteSwiftPackageReference section */

/* Begin XCSwiftPackageProductDependency section */
		16224D6F2CFCE6ED0086E343 /* GoogleMobileAds */ = {
			isa = XCSwiftPackageProductDependency;
			package = 16224D6E2CFCE6ED0086E343 /* XCRemoteSwiftPackageReference "swift-package-manager-google-mobile-ads" */;
			productName = GoogleMobileAds;
		};
/* End XCSwiftPackageProductDependency section */
	};
	rootObject = 164F37AA2C84D45500650152 /* Project object */;
}
